
Microsoft Visual Studio Solution File, Format Version 12.00
# Visual Studio 15
VisualStudioVersion = 15.0.28010.2046
MinimumVisualStudioVersion = 10.0.40219.1
Project("{FAE04EC0-301F-11D3-BF4B-00C04F79EFBC}") = "SingleResponsibility", "SingleResponsobility\SingleResponsibility.csproj", "{C375AAE9-8554-4929-86F8-D98E45F0318B}"
EndProject
Project("{FAE04EC0-301F-11D3-BF4B-00C04F79EFBC}") = "OpenClosed", "OpenClosed\OpenClosed.csproj", "{F93DB5BE-5607-4AED-9846-DDF980701DA9}"
EndProject
Project("{FAE04EC0-301F-11D3-BF4B-00C04F79EFBC}") = "LiskovSubstitution", "LiskovSubstitution\LiskovSubstitution.csproj", "{1C09E732-2E40-4CCF-9CD9-A594B2DC1120}"
EndProject
Project("{FAE04EC0-301F-11D3-BF4B-00C04F79EFBC}") = "InterfaceSegregation", "InterfaceSegragation\InterfaceSegregation.csproj", "{4A88F389-0AA6-47BC-A48F-0A6193FF3C10}"
EndProject
Project("{FAE04EC0-301F-11D3-BF4B-00C04F79EFBC}") = "DependencyInversion", "DependencyInversion\DependencyInversion.csproj", "{55E1BD71-80F2-459F-AA13-A23D79B8355B}"
EndProject
Project("{FAE04EC0-301F-11D3-BF4B-00C04F79EFBC}") = "LiskovSubstituteFromTechEd", "LiskovSubstituteFromTechEd\LiskovSubstituteFromTechEd.csproj", "{BE7BDDCD-2A3D-4539-A63A-5B6D9BDAFFFB}"
EndProject
Global
	GlobalSection(SolutionConfigurationPlatforms) = preSolution
		Debug|Any CPU = Debug|Any CPU
		Release|Any CPU = Release|Any CPU
	EndGlobalSection
	GlobalSection(ProjectConfigurationPlatforms) = postSolution
		{C375AAE9-8554-4929-86F8-D98E45F0318B}.Debug|Any CPU.ActiveCfg = Debug|Any CPU
		{C375AAE9-8554-4929-86F8-D98E45F0318B}.Debug|Any CPU.Build.0 = Debug|Any CPU
		{C375AAE9-8554-4929-86F8-D98E45F0318B}.Release|Any CPU.ActiveCfg = Release|Any CPU
		{C375AAE9-8554-4929-86F8-D98E45F0318B}.Release|Any CPU.Build.0 = Release|Any CPU
		{F93DB5BE-5607-4AED-9846-DDF980701DA9}.Debug|Any CPU.ActiveCfg = Debug|Any CPU
		{F93DB5BE-5607-4AED-9846-DDF980701DA9}.Debug|Any CPU.Build.0 = Debug|Any CPU
		{F93DB5BE-5607-4AED-9846-DDF980701DA9}.Release|Any CPU.ActiveCfg = Release|Any CPU
		{F93DB5BE-5607-4AED-9846-DDF980701DA9}.Release|Any CPU.Build.0 = Release|Any CPU
		{1C09E732-2E40-4CCF-9CD9-A594B2DC1120}.Debug|Any CPU.ActiveCfg = Debug|Any CPU
		{1C09E732-2E40-4CCF-9CD9-A594B2DC1120}.Debug|Any CPU.Build.0 = Debug|Any CPU
		{1C09E732-2E40-4CCF-9CD9-A594B2DC1120}.Release|Any CPU.ActiveCfg = Release|Any CPU
		{1C09E732-2E40-4CCF-9CD9-A594B2DC1120}.Release|Any CPU.Build.0 = Release|Any CPU
		{4A88F389-0AA6-47BC-A48F-0A6193FF3C10}.Debug|Any CPU.ActiveCfg = Debug|Any CPU
		{4A88F389-0AA6-47BC-A48F-0A6193FF3C10}.Debug|Any CPU.Build.0 = Debug|Any CPU
		{4A88F389-0AA6-47BC-A48F-0A6193FF3C10}.Release|Any CPU.ActiveCfg = Release|Any CPU
		{4A88F389-0AA6-47BC-A48F-0A6193FF3C10}.Release|Any CPU.Build.0 = Release|Any CPU
		{55E1BD71-80F2-459F-AA13-A23D79B8355B}.Debug|Any CPU.ActiveCfg = Debug|Any CPU
		{55E1BD71-80F2-459F-AA13-A23D79B8355B}.Debug|Any CPU.Build.0 = Debug|Any CPU
		{55E1BD71-80F2-459F-AA13-A23D79B8355B}.Release|Any CPU.ActiveCfg = Release|Any CPU
		{55E1BD71-80F2-459F-AA13-A23D79B8355B}.Release|Any CPU.Build.0 = Release|Any CPU
		{BE7BDDCD-2A3D-4539-A63A-5B6D9BDAFFFB}.Debug|Any CPU.ActiveCfg = Debug|Any CPU
		{BE7BDDCD-2A3D-4539-A63A-5B6D9BDAFFFB}.Debug|Any CPU.Build.0 = Debug|Any CPU
		{BE7BDDCD-2A3D-4539-A63A-5B6D9BDAFFFB}.Release|Any CPU.ActiveCfg = Release|Any CPU
		{BE7BDDCD-2A3D-4539-A63A-5B6D9BDAFFFB}.Release|Any CPU.Build.0 = Release|Any CPU
	EndGlobalSection
	GlobalSection(SolutionProperties) = preSolution
		HideSolutionNode = FALSE
	EndGlobalSection
	GlobalSection(ExtensibilityGlobals) = postSolution
		SolutionGuid = {E796C7A1-1273-4552-B902-A8D7CBA801CD}
	EndGlobalSection
EndGlobal
