
Microsoft Visual Studio Solution File, Format Version 12.00
# Visual Studio 15
VisualStudioVersion = 15.0.28010.2046
MinimumVisualStudioVersion = 10.0.40219.1
Project("{FAE04EC0-301F-11D3-BF4B-00C04F79EFBC}") = "Solid_Simple", "Solid_Simple\Solid_Simple.csproj", "{61983872-EEF4-4914-8365-B66C9CF29A64}"
EndProject
Global
	GlobalSection(SolutionConfigurationPlatforms) = preSolution
		Debug|Any CPU = Debug|Any CPU
		Release|Any CPU = Release|Any CPU
	EndGlobalSection
	GlobalSection(ProjectConfigurationPlatforms) = postSolution
		{61983872-EEF4-4914-8365-B66C9CF29A64}.Debug|Any CPU.ActiveCfg = Debug|Any CPU
		{61983872-EEF4-4914-8365-B66C9CF29A64}.Debug|Any CPU.Build.0 = Debug|Any CPU
		{61983872-EEF4-4914-8365-B66C9CF29A64}.Release|Any CPU.ActiveCfg = Release|Any CPU
		{61983872-EEF4-4914-8365-B66C9CF29A64}.Release|Any CPU.Build.0 = Release|Any CPU
	EndGlobalSection
	GlobalSection(SolutionProperties) = preSolution
		HideSolutionNode = FALSE
	EndGlobalSection
	GlobalSection(ExtensibilityGlobals) = postSolution
		SolutionGuid = {E796C7A1-1273-4552-B902-A8D7CBA801CD}
	EndGlobalSection
EndGlobal
